// !$*UTF8*$!
{
	archiveVersion = 1;
	classes = {
	};
	objectVersion = 46;
	objects = {

/* Begin PBXBuildFile section */
		82E45E3B1B3AF3F000875633 /* main.m in Sources */ = {isa = PBXBuildFile; fileRef = 82E45E3A1B3AF3F000875633 /* main.m */; };
		82E45E3E1B3AF3F000875633 /* AppDelegate.m in Sources */ = {isa = PBXBuildFile; fileRef = 82E45E3D1B3AF3F000875633 /* AppDelegate.m */; };
		82E45E411B3AF3F000875633 /* ViewController.m in Sources */ = {isa = PBXBuildFile; fileRef = 82E45E401B3AF3F000875633 /* ViewController.m */; };
		82E45E441B3AF3F000875633 /* Main.storyboard in Resources */ = {isa = PBXBuildFile; fileRef = 82E45E421B3AF3F000875633 /* Main.storyboard */; };
		82E45E461B3AF3F000875633 /* Images.xcassets in Resources */ = {isa = PBXBuildFile; fileRef = 82E45E451B3AF3F000875633 /* Images.xcassets */; };
		82E45E491B3AF3F000875633 /* LaunchScreen.xib in Resources */ = {isa = PBXBuildFile; fileRef = 82E45E471B3AF3F000875633 /* LaunchScreen.xib */; };
		82E45E551B3AF3F100875633 /* LangPickerTests.m in Sources */ = {isa = PBXBuildFile; fileRef = 82E45E541B3AF3F100875633 /* LangPickerTests.m */; };
		82E45E601B3AF5BF00875633 /* LangPickerViewController.m in Sources */ = {isa = PBXBuildFile; fileRef = 82E45E5F1B3AF5BF00875633 /* LangPickerViewController.m */; };
		82E45E631B3B07CF00875633 /* AgreementViewController.m in Sources */ = {isa = PBXBuildFile; fileRef = 82E45E621B3B07CF00875633 /* AgreementViewController.m */; };
		82E45E681B3B280700875633 /* Localizable.strings in Resources */ = {isa = PBXBuildFile; fileRef = 82E45E6A1B3B280700875633 /* Localizable.strings */; };
		82E45E751B3B296C00875633 /* TSLanguageManager.m in Sources */ = {isa = PBXBuildFile; fileRef = 82E45E741B3B296C00875633 /* TSLanguageManager.m */; };
/* End PBXBuildFile section */

/* Begin PBXContainerItemProxy section */
		82E45E4F1B3AF3F100875633 /* PBXContainerItemProxy */ = {
			isa = PBXContainerItemProxy;
			containerPortal = 82E45E2D1B3AF3F000875633 /* Project object */;
			proxyType = 1;
			remoteGlobalIDString = 82E45E341B3AF3F000875633;
			remoteInfo = LangPicker;
		};
/* End PBXContainerItemProxy section */

/* Begin PBXFileReference section */
		82E45E351B3AF3F000875633 /* LangPicker.app */ = {isa = PBXFileReference; explicitFileType = wrapper.application; includeInIndex = 0; path = LangPicker.app; sourceTree = BUILT_PRODUCTS_DIR; };
		82E45E391B3AF3F000875633 /* Info.plist */ = {isa = PBXFileReference; lastKnownFileType = text.plist.xml; path = Info.plist; sourceTree = "<group>"; };
		82E45E3A1B3AF3F000875633 /* main.m */ = {isa = PBXFileReference; lastKnownFileType = sourcecode.c.objc; path = main.m; sourceTree = "<group>"; };
		82E45E3C1B3AF3F000875633 /* AppDelegate.h */ = {isa = PBXFileReference; lastKnownFileType = sourcecode.c.h; path = AppDelegate.h; sourceTree = "<group>"; };
		82E45E3D1B3AF3F000875633 /* AppDelegate.m */ = {isa = PBXFileReference; lastKnownFileType = sourcecode.c.objc; path = AppDelegate.m; sourceTree = "<group>"; };
		82E45E3F1B3AF3F000875633 /* ViewController.h */ = {isa = PBXFileReference; lastKnownFileType = sourcecode.c.h; path = ViewController.h; sourceTree = "<group>"; };
		82E45E401B3AF3F000875633 /* ViewController.m */ = {isa = PBXFileReference; lastKnownFileType = sourcecode.c.objc; path = ViewController.m; sourceTree = "<group>"; };
		82E45E431B3AF3F000875633 /* Base */ = {isa = PBXFileReference; lastKnownFileType = file.storyboard; name = Base; path = Base.lproj/Main.storyboard; sourceTree = "<group>"; };
		82E45E451B3AF3F000875633 /* Images.xcassets */ = {isa = PBXFileReference; lastKnownFileType = folder.assetcatalog; path = Images.xcassets; sourceTree = "<group>"; };
		82E45E481B3AF3F000875633 /* Base */ = {isa = PBXFileReference; lastKnownFileType = file.xib; name = Base; path = Base.lproj/LaunchScreen.xib; sourceTree = "<group>"; };
		82E45E4E1B3AF3F100875633 /* LangPickerTests.xctest */ = {isa = PBXFileReference; explicitFileType = wrapper.cfbundle; includeInIndex = 0; path = LangPickerTests.xctest; sourceTree = BUILT_PRODUCTS_DIR; };
		82E45E531B3AF3F100875633 /* Info.plist */ = {isa = PBXFileReference; lastKnownFileType = text.plist.xml; path = Info.plist; sourceTree = "<group>"; };
		82E45E541B3AF3F100875633 /* LangPickerTests.m */ = {isa = PBXFileReference; lastKnownFileType = sourcecode.c.objc; path = LangPickerTests.m; sourceTree = "<group>"; };
		82E45E5E1B3AF5BF00875633 /* LangPickerViewController.h */ = {isa = PBXFileReference; fileEncoding = 4; lastKnownFileType = sourcecode.c.h; path = LangPickerViewController.h; sourceTree = "<group>"; };
		82E45E5F1B3AF5BF00875633 /* LangPickerViewController.m */ = {isa = PBXFileReference; fileEncoding = 4; lastKnownFileType = sourcecode.c.objc; path = LangPickerViewController.m; sourceTree = "<group>"; wrapsLines = 0; };
		82E45E611B3B07CF00875633 /* AgreementViewController.h */ = {isa = PBXFileReference; fileEncoding = 4; lastKnownFileType = sourcecode.c.h; path = AgreementViewController.h; sourceTree = "<group>"; };
		82E45E621B3B07CF00875633 /* AgreementViewController.m */ = {isa = PBXFileReference; fileEncoding = 4; lastKnownFileType = sourcecode.c.objc; path = AgreementViewController.m; sourceTree = "<group>"; };
		82E45E641B3B241100875633 /* zh-Hans */ = {isa = PBXFileReference; lastKnownFileType = text.plist.strings; name = "zh-Hans"; path = "zh-Hans.lproj/Main.strings"; sourceTree = "<group>"; };
		82E45E651B3B241100875633 /* zh-Hans */ = {isa = PBXFileReference; lastKnownFileType = text.plist.strings; name = "zh-Hans"; path = "zh-Hans.lproj/LaunchScreen.strings"; sourceTree = "<group>"; };
		82E45E691B3B280700875633 /* Base */ = {isa = PBXFileReference; lastKnownFileType = text.plist.strings; name = Base; path = Base.lproj/Localizable.strings; sourceTree = "<group>"; };
		82E45E6B1B3B281600875633 /* en */ = {isa = PBXFileReference; lastKnownFileType = text.plist.strings; name = en; path = en.lproj/Localizable.strings; sourceTree = "<group>"; };
		82E45E6C1B3B282700875633 /* zh-Hans */ = {isa = PBXFileReference; lastKnownFileType = text.plist.strings; name = "zh-Hans"; path = "zh-Hans.lproj/Localizable.strings"; sourceTree = "<group>"; };
		82E45E731B3B296C00875633 /* TSLanguageManager.h */ = {isa = PBXFileReference; fileEncoding = 4; lastKnownFileType = sourcecode.c.h; path = TSLanguageManager.h; sourceTree = "<group>"; };
		82E45E741B3B296C00875633 /* TSLanguageManager.m */ = {isa = PBXFileReference; fileEncoding = 4; lastKnownFileType = sourcecode.c.objc; path = TSLanguageManager.m; sourceTree = "<group>"; };
/* End PBXFileReference section */

/* Begin PBXFrameworksBuildPhase section */
		82E45E321B3AF3F000875633 /* Frameworks */ = {
			isa = PBXFrameworksBuildPhase;
			buildActionMask = 2147483647;
			files = (
			);
			runOnlyForDeploymentPostprocessing = 0;
		};
		82E45E4B1B3AF3F100875633 /* Frameworks */ = {
			isa = PBXFrameworksBuildPhase;
			buildActionMask = 2147483647;
			files = (
			);
			runOnlyForDeploymentPostprocessing = 0;
		};
/* End PBXFrameworksBuildPhase section */

/* Begin PBXGroup section */
		82E45E2C1B3AF3F000875633 = {
			isa = PBXGroup;
			children = (
				82E45E371B3AF3F000875633 /* LangPicker */,
				82E45E511B3AF3F100875633 /* LangPickerTests */,
				82E45E361B3AF3F000875633 /* Products */,
			);
			sourceTree = "<group>";
		};
		82E45E361B3AF3F000875633 /* Products */ = {
			isa = PBXGroup;
			children = (
				82E45E351B3AF3F000875633 /* LangPicker.app */,
				82E45E4E1B3AF3F100875633 /* LangPickerTests.xctest */,
			);
			name = Products;
			sourceTree = "<group>";
		};
		82E45E371B3AF3F000875633 /* LangPicker */ = {
			isa = PBXGroup;
			children = (
				82E45E3C1B3AF3F000875633 /* AppDelegate.h */,
				82E45E3D1B3AF3F000875633 /* AppDelegate.m */,
				82E45E3F1B3AF3F000875633 /* ViewController.h */,
				82E45E401B3AF3F000875633 /* ViewController.m */,
				82E45E5E1B3AF5BF00875633 /* LangPickerViewController.h */,
				82E45E5F1B3AF5BF00875633 /* LangPickerViewController.m */,
				82E45E611B3B07CF00875633 /* AgreementViewController.h */,
				82E45E621B3B07CF00875633 /* AgreementViewController.m */,
				82E45E6A1B3B280700875633 /* Localizable.strings */,
				82E45E421B3AF3F000875633 /* Main.storyboard */,
				82E45E731B3B296C00875633 /* TSLanguageManager.h */,
				82E45E741B3B296C00875633 /* TSLanguageManager.m */,
				82E45E451B3AF3F000875633 /* Images.xcassets */,
				82E45E471B3AF3F000875633 /* LaunchScreen.xib */,
				82E45E381B3AF3F000875633 /* Supporting Files */,
			);
			path = LangPicker;
			sourceTree = "<group>";
		};
		82E45E381B3AF3F000875633 /* Supporting Files */ = {
			isa = PBXGroup;
			children = (
				82E45E391B3AF3F000875633 /* Info.plist */,
				82E45E3A1B3AF3F000875633 /* main.m */,
			);
			name = "Supporting Files";
			sourceTree = "<group>";
		};
		82E45E511B3AF3F100875633 /* LangPickerTests */ = {
			isa = PBXGroup;
			children = (
				82E45E541B3AF3F100875633 /* LangPickerTests.m */,
				82E45E521B3AF3F100875633 /* Supporting Files */,
			);
			path = LangPickerTests;
			sourceTree = "<group>";
		};
		82E45E521B3AF3F100875633 /* Supporting Files */ = {
			isa = PBXGroup;
			children = (
				82E45E531B3AF3F100875633 /* Info.plist */,
			);
			name = "Supporting Files";
			sourceTree = "<group>";
		};
/* End PBXGroup section */

/* Begin PBXNativeTarget section */
		82E45E341B3AF3F000875633 /* LangPicker */ = {
			isa = PBXNativeTarget;
			buildConfigurationList = 82E45E581B3AF3F100875633 /* Build configuration list for PBXNativeTarget "LangPicker" */;
			buildPhases = (
				82E45E311B3AF3F000875633 /* Sources */,
				82E45E321B3AF3F000875633 /* Frameworks */,
				82E45E331B3AF3F000875633 /* Resources */,
			);
			buildRules = (
			);
			dependencies = (
			);
			name = LangPicker;
			productName = LangPicker;
			productReference = 82E45E351B3AF3F000875633 /* LangPicker.app */;
			productType = "com.apple.product-type.application";
		};
		82E45E4D1B3AF3F100875633 /* LangPickerTests */ = {
			isa = PBXNativeTarget;
			buildConfigurationList = 82E45E5B1B3AF3F100875633 /* Build configuration list for PBXNativeTarget "LangPickerTests" */;
			buildPhases = (
				82E45E4A1B3AF3F100875633 /* Sources */,
				82E45E4B1B3AF3F100875633 /* Frameworks */,
				82E45E4C1B3AF3F100875633 /* Resources */,
			);
			buildRules = (
			);
			dependencies = (
				82E45E501B3AF3F100875633 /* PBXTargetDependency */,
			);
			name = LangPickerTests;
			productName = LangPickerTests;
			productReference = 82E45E4E1B3AF3F100875633 /* LangPickerTests.xctest */;
			productType = "com.apple.product-type.bundle.unit-test";
		};
/* End PBXNativeTarget section */

/* Begin PBXProject section */
		82E45E2D1B3AF3F000875633 /* Project object */ = {
			isa = PBXProject;
			attributes = {
				LastUpgradeCheck = 0630;
				ORGANIZATIONNAME = "Xiaohe Hu";
				TargetAttributes = {
					82E45E341B3AF3F000875633 = {
						CreatedOnToolsVersion = 6.3.2;
					};
					82E45E4D1B3AF3F100875633 = {
						CreatedOnToolsVersion = 6.3.2;
						TestTargetID = 82E45E341B3AF3F000875633;
					};
				};
			};
			buildConfigurationList = 82E45E301B3AF3F000875633 /* Build configuration list for PBXProject "LangPicker" */;
			compatibilityVersion = "Xcode 3.2";
			developmentRegion = English;
			hasScannedForEncodings = 0;
			knownRegions = (
				en,
				Base,
				"zh-Hans",
			);
			mainGroup = 82E45E2C1B3AF3F000875633;
			productRefGroup = 82E45E361B3AF3F000875633 /* Products */;
			projectDirPath = "";
			projectRoot = "";
			targets = (
				82E45E341B3AF3F000875633 /* LangPicker */,
				82E45E4D1B3AF3F100875633 /* LangPickerTests */,
			);
		};
/* End PBXProject section */

/* Begin PBXResourcesBuildPhase section */
		82E45E331B3AF3F000875633 /* Resources */ = {
			isa = PBXResourcesBuildPhase;
			buildActionMask = 2147483647;
			files = (
				82E45E441B3AF3F000875633 /* Main.storyboard in Resources */,
				82E45E681B3B280700875633 /* Localizable.strings in Resources */,
				82E45E491B3AF3F000875633 /* LaunchScreen.xib in Resources */,
				82E45E461B3AF3F000875633 /* Images.xcassets in Resources */,
			);
			runOnlyForDeploymentPostprocessing = 0;
		};
		82E45E4C1B3AF3F100875633 /* Resources */ = {
			isa = PBXResourcesBuildPhase;
			buildActionMask = 2147483647;
			files = (
			);
			runOnlyForDeploymentPostprocessing = 0;
		};
/* End PBXResourcesBuildPhase section */

/* Begin PBXSourcesBuildPhase section */
		82E45E311B3AF3F000875633 /* Sources */ = {
			isa = PBXSourcesBuildPhase;
			buildActionMask = 2147483647;
			files = (
				82E45E601B3AF5BF00875633 /* LangPickerViewController.m in Sources */,
				82E45E751B3B296C00875633 /* TSLanguageManager.m in Sources */,
				82E45E411B3AF3F000875633 /* ViewController.m in Sources */,
				82E45E3E1B3AF3F000875633 /* AppDelegate.m in Sources */,
				82E45E3B1B3AF3F000875633 /* main.m in Sources */,
				82E45E631B3B07CF00875633 /* AgreementViewController.m in Sources */,
			);
			runOnlyForDeploymentPostprocessing = 0;
		};
		82E45E4A1B3AF3F100875633 /* Sources */ = {
			isa = PBXSourcesBuildPhase;
			buildActionMask = 2147483647;
			files = (
				82E45E551B3AF3F100875633 /* LangPickerTests.m in Sources */,
			);
			runOnlyForDeploymentPostprocessing = 0;
		};
/* End PBXSourcesBuildPhase section */

/* Begin PBXTargetDependency section */
		82E45E501B3AF3F100875633 /* PBXTargetDependency */ = {
			isa = PBXTargetDependency;
			target = 82E45E341B3AF3F000875633 /* LangPicker */;
			targetProxy = 82E45E4F1B3AF3F100875633 /* PBXContainerItemProxy */;
		};
/* End PBXTargetDependency section */

/* Begin PBXVariantGroup section */
		82E45E421B3AF3F000875633 /* Main.storyboard */ = {
			isa = PBXVariantGroup;
			children = (
				82E45E431B3AF3F000875633 /* Base */,
				82E45E641B3B241100875633 /* zh-Hans */,
			);
			name = Main.storyboard;
			sourceTree = "<group>";
		};
		82E45E471B3AF3F000875633 /* LaunchScreen.xib */ = {
			isa = PBXVariantGroup;
			children = (
				82E45E481B3AF3F000875633 /* Base */,
				82E45E651B3B241100875633 /* zh-Hans */,
			);
			name = LaunchScreen.xib;
			sourceTree = "<group>";
		};
		82E45E6A1B3B280700875633 /* Localizable.strings */ = {
			isa = PBXVariantGroup;
			children = (
				82E45E691B3B280700875633 /* Base */,
				82E45E6B1B3B281600875633 /* en */,
				82E45E6C1B3B282700875633 /* zh-Hans */,
			);
			name = Localizable.strings;
			sourceTree = "<group>";
		};
/* End PBXVariantGroup section */

/* Begin XCBuildConfiguration section */
		82E45E561B3AF3F100875633 /* Debug */ = {
			isa = XCBuildConfiguration;
			buildSettings = {
				ALWAYS_SEARCH_USER_PATHS = NO;
				CLANG_CXX_LANGUAGE_STANDARD = "gnu++0x";
				CLANG_CXX_LIBRARY = "libc++";
				CLANG_ENABLE_MODULES = YES;
				CLANG_ENABLE_OBJC_ARC = YES;
				CLANG_WARN_BOOL_CONVERSION = YES;
				CLANG_WARN_CONSTANT_CONVERSION = YES;
				CLANG_WARN_DIRECT_OBJC_ISA_USAGE = YES_ERROR;
				CLANG_WARN_EMPTY_BODY = YES;
				CLANG_WARN_ENUM_CONVERSION = YES;
				CLANG_WARN_INT_CONVERSION = YES;
				CLANG_WARN_OBJC_ROOT_CLASS = YES_ERROR;
				CLANG_WARN_UNREACHABLE_CODE = YES;
				CLANG_WARN__DUPLICATE_METHOD_MATCH = YES;
				"CODE_SIGN_IDENTITY[sdk=iphoneos*]" = "iPhone Developer";
				COPY_PHASE_STRIP = NO;
				DEBUG_INFORMATION_FORMAT = "dwarf-with-dsym";
				ENABLE_STRICT_OBJC_MSGSEND = YES;
				GCC_C_LANGUAGE_STANDARD = gnu99;
				GCC_DYNAMIC_NO_PIC = NO;
				GCC_NO_COMMON_BLOCKS = YES;
				GCC_OPTIMIZATION_LEVEL = 0;
				GCC_PREPROCESSOR_DEFINITIONS = (
					"DEBUG=1",
					"$(inherited)",
				);
				GCC_SYMBOLS_PRIVATE_EXTERN = NO;
				GCC_WARN_64_TO_32_BIT_CONVERSION = YES;
				GCC_WARN_ABOUT_RETURN_TYPE = YES_ERROR;
				GCC_WARN_UNDECLARED_SELECTOR = YES;
				GCC_WARN_UNINITIALIZED_AUTOS = YES_AGGRESSIVE;
				GCC_WARN_UNUSED_FUNCTION = YES;
				GCC_WARN_UNUSED_VARIABLE = YES;
				IPHONEOS_DEPLOYMENT_TARGET = 8.3;
				MTL_ENABLE_DEBUG_INFO = YES;
				ONLY_ACTIVE_ARCH = YES;
				SDKROOT = iphoneos;
				TARGETED_DEVICE_FAMILY = "1,2";
			};
			name = Debug;
		};
		82E45E571B3AF3F100875633 /* Release */ = {
			isa = XCBuildConfiguration;
			buildSettings = {
				ALWAYS_SEARCH_USER_PATHS = NO;
				CLANG_CXX_LANGUAGE_STANDARD = "gnu++0x";
				CLANG_CXX_LIBRARY = "libc++";
				CLANG_ENABLE_MODULES = YES;
				CLANG_ENABLE_OBJC_ARC = YES;
				CLANG_WARN_BOOL_CONVERSION = YES;
				CLANG_WARN_CONSTANT_CONVERSION = YES;
				CLANG_WARN_DIRECT_OBJC_ISA_USAGE = YES_ERROR;
				CLANG_WARN_EMPTY_BODY = YES;
				CLANG_WARN_ENUM_CONVERSION = YES;
				CLANG_WARN_INT_CONVERSION = YES;
				CLANG_WARN_OBJC_ROOT_CLASS = YES_ERROR;
				CLANG_WARN_UNREACHABLE_CODE = YES;
				CLANG_WARN__DUPLICATE_METHOD_MATCH = YES;
				"CODE_SIGN_IDENTITY[sdk=iphoneos*]" = "iPhone Developer";
				COPY_PHASE_STRIP = NO;
				DEBUG_INFORMATION_FORMAT = "dwarf-with-dsym";
				ENABLE_NS_ASSERTIONS = NO;
				ENABLE_STRICT_OBJC_MSGSEND = YES;
				GCC_C_LANGUAGE_STANDARD = gnu99;
				GCC_NO_COMMON_BLOCKS = YES;
				GCC_WARN_64_TO_32_BIT_CONVERSION = YES;
				GCC_WARN_ABOUT_RETURN_TYPE = YES_ERROR;
				GCC_WARN_UNDECLARED_SELECTOR = YES;
				GCC_WARN_UNINITIALIZED_AUTOS = YES_AGGRESSIVE;
				GCC_WARN_UNUSED_FUNCTION = YES;
				GCC_WARN_UNUSED_VARIABLE = YES;
				IPHONEOS_DEPLOYMENT_TARGET = 8.3;
				MTL_ENABLE_DEBUG_INFO = NO;
				SDKROOT = iphoneos;
				TARGETED_DEVICE_FAMILY = "1,2";
				VALIDATE_PRODUCT = YES;
			};
			name = Release;
		};
		82E45E591B3AF3F100875633 /* Debug */ = {
			isa = XCBuildConfiguration;
			buildSettings = {
				ASSETCATALOG_COMPILER_APPICON_NAME = AppIcon;
				INFOPLIST_FILE = LangPicker/Info.plist;
				LD_RUNPATH_SEARCH_PATHS = "$(inherited) @executable_path/Frameworks";
				PRODUCT_NAME = "$(TARGET_NAME)";
				TARGETED_DEVICE_FAMILY = 2;
			};
			name = Debug;
		};
		82E45E5A1B3AF3F100875633 /* Release */ = {
			isa = XCBuildConfiguration;
			buildSettings = {
				ASSETCATALOG_COMPILER_APPICON_NAME = AppIcon;
				INFOPLIST_FILE = LangPicker/Info.plist;
				LD_RUNPATH_SEARCH_PATHS = "$(inherited) @executable_path/Frameworks";
				PRODUCT_NAME = "$(TARGET_NAME)";
				TARGETED_DEVICE_FAMILY = 2;
			};
			name = Release;
		};
		82E45E5C1B3AF3F100875633 /* Debug */ = {
			isa = XCBuildConfiguration;
			buildSettings = {
				BUNDLE_LOADER = "$(TEST_HOST)";
				FRAMEWORK_SEARCH_PATHS = (
					"$(SDKROOT)/Developer/Library/Frameworks",
					"$(inherited)",
				);
				GCC_PREPROCESSOR_DEFINITIONS = (
					"DEBUG=1",
					"$(inherited)",
				);
				INFOPLIST_FILE = LangPickerTests/Info.plist;
				LD_RUNPATH_SEARCH_PATHS = "$(inherited) @executable_path/Frameworks @loader_path/Frameworks";
				PRODUCT_NAME = "$(TARGET_NAME)";
				TEST_HOST = "$(BUILT_PRODUCTS_DIR)/LangPicker.app/LangPicker";
			};
			name = Debug;
		};
		82E45E5D1B3AF3F100875633 /* Release */ = {
			isa = XCBuildConfiguration;
			buildSettings = {
				BUNDLE_LOADER = "$(TEST_HOST)";
				FRAMEWORK_SEARCH_PATHS = (
					"$(SDKROOT)/Developer/Library/Frameworks",
					"$(inherited)",
				);
				INFOPLIST_FILE = LangPickerTests/Info.plist;
				LD_RUNPATH_SEARCH_PATHS = "$(inherited) @executable_path/Frameworks @loader_path/Frameworks";
				PRODUCT_NAME = "$(TARGET_NAME)";
				TEST_HOST = "$(BUILT_PRODUCTS_DIR)/LangPicker.app/LangPicker";
			};
			name = Release;
		};
/* End XCBuildConfiguration section */

/* Begin XCConfigurationList section */
		82E45E301B3AF3F000875633 /* Build configuration list for PBXProject "LangPicker" */ = {
			isa = XCConfigurationList;
			buildConfigurations = (
				82E45E561B3AF3F100875633 /* Debug */,
				82E45E571B3AF3F100875633 /* Release */,
			);
			defaultConfigurationIsVisible = 0;
			defaultConfigurationName = Release;
		};
		82E45E581B3AF3F100875633 /* Build configuration list for PBXNativeTarget "LangPicker" */ = {
			isa = XCConfigurationList;
			buildConfigurations = (
				82E45E591B3AF3F100875633 /* Debug */,
				82E45E5A1B3AF3F100875633 /* Release */,
			);
			defaultConfigurationIsVisible = 0;
		};
		82E45E5B1B3AF3F100875633 /* Build configuration list for PBXNativeTarget "LangPickerTests" */ = {
			isa = XCConfigurationList;
			buildConfigurations = (
				82E45E5C1B3AF3F100875633 /* Debug */,
				82E45E5D1B3AF3F100875633 /* Release */,
			);
			defaultConfigurationIsVisible = 0;
		};
/* End XCConfigurationList section */
	};
	rootObject = 82E45E2D1B3AF3F000875633 /* Project object */;
}
